// !$*UTF8*$!
{
	archiveVersion = 1;
	classes = {
	};
	objectVersion = 46;
	objects = {

/* Begin PBXBuildFile section */
		645F097F1F7853C10022E58A /* AppDelegate.swift in Sources */ = {isa = PBXBuildFile; fileRef = 645F097E1F7853C10022E58A /* AppDelegate.swift */; };
		645F09811F7853C10022E58A /* ViewController.swift in Sources */ = {isa = PBXBuildFile; fileRef = 645F09801F7853C10022E58A /* ViewController.swift */; };
		645F09841F7853C10022E58A /* Main.storyboard in Resources */ = {isa = PBXBuildFile; fileRef = 645F09821F7853C10022E58A /* Main.storyboard */; };
		645F09871F7853C10022E58A /* IOS_Simple_Calculater.xcdatamodeld in Sources */ = {isa = PBXBuildFile; fileRef = 645F09851F7853C10022E58A /* IOS_Simple_Calculater.xcdatamodeld */; };
		645F09891F7853C10022E58A /* Assets.xcassets in Resources */ = {isa = PBXBuildFile; fileRef = 645F09881F7853C10022E58A /* Assets.xcassets */; };
		645F098C1F7853C10022E58A /* LaunchScreen.storyboard in Resources */ = {isa = PBXBuildFile; fileRef = 645F098A1F7853C10022E58A /* LaunchScreen.storyboard */; };
/* End PBXBuildFile section */

/* Begin PBXFileReference section */
		645F097B1F7853C10022E58A /* IOS Simple Calculater.app */ = {isa = PBXFileReference; explicitFileType = wrapper.application; includeInIndex = 0; path = "IOS Simple Calculater.app"; sourceTree = BUILT_PRODUCTS_DIR; };
		645F097E1F7853C10022E58A /* AppDelegate.swift */ = {isa = PBXFileReference; lastKnownFileType = sourcecode.swift; path = AppDelegate.swift; sourceTree = "<group>"; };
		645F09801F7853C10022E58A /* ViewController.swift */ = {isa = PBXFileReference; lastKnownFileType = sourcecode.swift; path = ViewController.swift; sourceTree = "<group>"; };
		645F09831F7853C10022E58A /* Base */ = {isa = PBXFileReference; lastKnownFileType = file.storyboard; name = Base; path = Base.lproj/Main.storyboard; sourceTree = "<group>"; };
		645F09861F7853C10022E58A /* IOS_Simple_Calculater.xcdatamodel */ = {isa = PBXFileReference; lastKnownFileType = wrapper.xcdatamodel; path = IOS_Simple_Calculater.xcdatamodel; sourceTree = "<group>"; };
		645F09881F7853C10022E58A /* Assets.xcassets */ = {isa = PBXFileReference; lastKnownFileType = folder.assetcatalog; path = Assets.xcassets; sourceTree = "<group>"; };
		645F098B1F7853C10022E58A /* Base */ = {isa = PBXFileReference; lastKnownFileType = file.storyboard; name = Base; path = Base.lproj/LaunchScreen.storyboard; sourceTree = "<group>"; };
		645F098D1F7853C10022E58A /* Info.plist */ = {isa = PBXFileReference; lastKnownFileType = text.plist.xml; path = Info.plist; sourceTree = "<group>"; };
/* End PBXFileReference section */

/* Begin PBXFrameworksBuildPhase section */
		645F09781F7853C10022E58A /* Frameworks */ = {
			isa = PBXFrameworksBuildPhase;
			buildActionMask = 2147483647;
			files = (
			);
			runOnlyForDeploymentPostprocessing = 0;
		};
/* End PBXFrameworksBuildPhase section */

/* Begin PBXGroup section */
		645F09721F7853C10022E58A = {
			isa = PBXGroup;
			children = (
				645F097D1F7853C10022E58A /* IOS Simple Calculater */,
				645F097C1F7853C10022E58A /* Products */,
			);
			sourceTree = "<group>";
		};
		645F097C1F7853C10022E58A /* Products */ = {
			isa = PBXGroup;
			children = (
				645F097B1F7853C10022E58A /* IOS Simple Calculater.app */,
			);
			name = Products;
			sourceTree = "<group>";
		};
		645F097D1F7853C10022E58A /* IOS Simple Calculater */ = {
			isa = PBXGroup;
			children = (
				645F097E1F7853C10022E58A /* AppDelegate.swift */,
				645F09801F7853C10022E58A /* ViewController.swift */,
				645F09821F7853C10022E58A /* Main.storyboard */,
				645F09881F7853C10022E58A /* Assets.xcassets */,
				645F098A1F7853C10022E58A /* LaunchScreen.storyboard */,
				645F098D1F7853C10022E58A /* Info.plist */,
				645F09851F7853C10022E58A /* IOS_Simple_Calculater.xcdatamodeld */,
			);
			path = "IOS Simple Calculater";
			sourceTree = "<group>";
		};
/* End PBXGroup section */

/* Begin PBXNativeTarget section */
		645F097A1F7853C10022E58A /* IOS Simple Calculater */ = {
			isa = PBXNativeTarget;
			buildConfigurationList = 645F09901F7853C10022E58A /* Build configuration list for PBXNativeTarget "IOS Simple Calculater" */;
			buildPhases = (
				645F09771F7853C10022E58A /* Sources */,
				645F09781F7853C10022E58A /* Frameworks */,
				645F09791F7853C10022E58A /* Resources */,
			);
			buildRules = (
			);
			dependencies = (
			);
			name = "IOS Simple Calculater";
			productName = "IOS Simple Calculater";
			productReference = 645F097B1F7853C10022E58A /* IOS Simple Calculater.app */;
			productType = "com.apple.product-type.application";
		};
/* End PBXNativeTarget section */

/* Begin PBXProject section */
		645F09731F7853C10022E58A /* Project object */ = {
			isa = PBXProject;
			attributes = {
				LastSwiftUpdateCheck = 0830;
				LastUpgradeCheck = 0830;
				ORGANIZATIONNAME = Zbudisch;
				TargetAttributes = {
					645F097A1F7853C10022E58A = {
						CreatedOnToolsVersion = 8.3.3;
						ProvisioningStyle = Automatic;
					};
				};
			};
			buildConfigurationList = 645F09761F7853C10022E58A /* Build configuration list for PBXProject "IOS Simple Calculater" */;
			compatibilityVersion = "Xcode 3.2";
			developmentRegion = English;
			hasScannedForEncodings = 0;
			knownRegions = (
				en,
				Base,
			);
			mainGroup = 645F09721F7853C10022E58A;
			productRefGroup = 645F097C1F7853C10022E58A /* Products */;
			projectDirPath = "";
			projectRoot = "";
			targets = (
				645F097A1F7853C10022E58A /* IOS Simple Calculater */,
			);
		};
/* End PBXProject section */

/* Begin PBXResourcesBuildPhase section */
		645F09791F7853C10022E58A /* Resources */ = {
			isa = PBXResourcesBuildPhase;
			buildActionMask = 2147483647;
			files = (
				645F098C1F7853C10022E58A /* LaunchScreen.storyboard in Resources */,
				645F09891F7853C10022E58A /* Assets.xcassets in Resources */,
				645F09841F7853C10022E58A /* Main.storyboard in Resources */,
			);
			runOnlyForDeploymentPostprocessing = 0;
		};
/* End PBXResourcesBuildPhase section */

/* Begin PBXSourcesBuildPhase section */
		645F09771F7853C10022E58A /* Sources */ = {
			isa = PBXSourcesBuildPhase;
			buildActionMask = 2147483647;
			files = (
				645F09811F7853C10022E58A /* ViewController.swift in Sources */,
				645F09871F7853C10022E58A /* IOS_Simple_Calculater.xcdatamodeld in Sources */,
				645F097F1F7853C10022E58A /* AppDelegate.swift in Sources */,
			);
			runOnlyForDeploymentPostprocessing = 0;
		};
/* End PBXSourcesBuildPhase section */

/* Begin PBXVariantGroup section */
		645F09821F7853C10022E58A /* Main.storyboard */ = {
			isa = PBXVariantGroup;
			children = (
				645F09831F7853C10022E58A /* Base */,
			);
			name = Main.storyboard;
			sourceTree = "<group>";
		};
		645F098A1F7853C10022E58A /* LaunchScreen.storyboard */ = {
			isa = PBXVariantGroup;
			children = (
				645F098B1F7853C10022E58A /* Base */,
			);
			name = LaunchScreen.storyboard;
			sourceTree = "<group>";
		};
/* End PBXVariantGroup section */

/* Begin XCBuildConfiguration section */
		645F098E1F7853C10022E58A /* Debug */ = {
			isa = XCBuildConfiguration;
			buildSettings = {
				ALWAYS_SEARCH_USER_PATHS = NO;
				CLANG_ANALYZER_NONNULL = YES;
				CLANG_ANALYZER_NUMBER_OBJECT_CONVERSION = YES_AGGRESSIVE;
				CLANG_CXX_LANGUAGE_STANDARD = "gnu++0x";
				CLANG_CXX_LIBRARY = "libc++";
				CLANG_ENABLE_MODULES = YES;
				CLANG_ENABLE_OBJC_ARC = YES;
				CLANG_WARN_BOOL_CONVERSION = YES;
				CLANG_WARN_CONSTANT_CONVERSION = YES;
				CLANG_WARN_DIRECT_OBJC_ISA_USAGE = YES_ERROR;
				CLANG_WARN_DOCUMENTATION_COMMENTS = YES;
				CLANG_WARN_EMPTY_BODY = YES;
				CLANG_WARN_ENUM_CONVERSION = YES;
				CLANG_WARN_INFINITE_RECURSION = YES;
				CLANG_WARN_INT_CONVERSION = YES;
				CLANG_WARN_OBJC_ROOT_CLASS = YES_ERROR;
				CLANG_WARN_SUSPICIOUS_MOVE = YES;
				CLANG_WARN_UNREACHABLE_CODE = YES;
				CLANG_WARN__DUPLICATE_METHOD_MATCH = YES;
				"CODE_SIGN_IDENTITY[sdk=iphoneos*]" = "iPhone Developer";
				COPY_PHASE_STRIP = NO;
				DEBUG_INFORMATION_FORMAT = dwarf;
				ENABLE_STRICT_OBJC_MSGSEND = YES;
				ENABLE_TESTABILITY = YES;
				GCC_C_LANGUAGE_STANDARD = gnu99;
				GCC_DYNAMIC_NO_PIC = NO;
				GCC_NO_COMMON_BLOCKS = YES;
				GCC_OPTIMIZATION_LEVEL = 0;
				GCC_PREPROCESSOR_DEFINITIONS = (
					"DEBUG=1",
					"$(inherited)",
				);
				GCC_WARN_64_TO_32_BIT_CONVERSION = YES;
				GCC_WARN_ABOUT_RETURN_TYPE = YES_ERROR;
				GCC_WARN_UNDECLARED_SELECTOR = YES;
				GCC_WARN_UNINITIALIZED_AUTOS = YES_AGGRESSIVE;
				GCC_WARN_UNUSED_FUNCTION = YES;
				GCC_WARN_UNUSED_VARIABLE = YES;
				IPHONEOS_DEPLOYMENT_TARGET = 10.3;
				MTL_ENABLE_DEBUG_INFO = YES;
				ONLY_ACTIVE_ARCH = YES;
				SDKROOT = iphoneos;
				SWIFT_ACTIVE_COMPILATION_CONDITIONS = DEBUG;
				SWIFT_OPTIMIZATION_LEVEL = "-Onone";
				TARGETED_DEVICE_FAMILY = "1,2";
			};
			name = Debug;
		};
		645F098F1F7853C10022E58A /* Release */ = {
			isa = XCBuildConfiguration;
			buildSettings = {
				ALWAYS_SEARCH_USER_PATHS = NO;
				CLANG_ANALYZER_NONNULL = YES;
				CLANG_ANALYZER_NUMBER_OBJECT_CONVERSION = YES_AGGRESSIVE;
				CLANG_CXX_LANGUAGE_STANDARD = "gnu++0x";
				CLANG_CXX_LIBRARY = "libc++";
				CLANG_ENABLE_MODULES = YES;
				CLANG_ENABLE_OBJC_ARC = YES;
				CLANG_WARN_BOOL_CONVERSION = YES;
				CLANG_WARN_CONSTANT_CONVERSION = YES;
				CLANG_WARN_DIRECT_OBJC_ISA_USAGE = YES_ERROR;
				CLANG_WARN_DOCUMENTATION_COMMENTS = YES;
				CLANG_WARN_EMPTY_BODY = YES;
				CLANG_WARN_ENUM_CONVERSION = YES;
				CLANG_WARN_INFINITE_RECURSION = YES;
				CLANG_WARN_INT_CONVERSION = YES;
				CLANG_WARN_OBJC_ROOT_CLASS = YES_ERROR;
				CLANG_WARN_SUSPICIOUS_MOVE = YES;
				CLANG_WARN_UNREACHABLE_CODE = YES;
				CLANG_WARN__DUPLICATE_METHOD_MATCH = YES;
				"CODE_SIGN_IDENTITY[sdk=iphoneos*]" = "iPhone Developer";
				COPY_PHASE_STRIP = NO;
				DEBUG_INFORMATION_FORMAT = "dwarf-with-dsym";
				ENABLE_NS_ASSERTIONS = NO;
				ENABLE_STRICT_OBJC_MSGSEND = YES;
				GCC_C_LANGUAGE_STANDARD = gnu99;
				GCC_NO_COMMON_BLOCKS = YES;
				GCC_WARN_64_TO_32_BIT_CONVERSION = YES;
				GCC_WARN_ABOUT_RETURN_TYPE = YES_ERROR;
				GCC_WARN_UNDECLARED_SELECTOR = YES;
				GCC_WARN_UNINITIALIZED_AUTOS = YES_AGGRESSIVE;
				GCC_WARN_UNUSED_FUNCTION = YES;
				GCC_WARN_UNUSED_VARIABLE = YES;
				IPHONEOS_DEPLOYMENT_TARGET = 10.3;
				MTL_ENABLE_DEBUG_INFO = NO;
				SDKROOT = iphoneos;
				SWIFT_OPTIMIZATION_LEVEL = "-Owholemodule";
				TARGETED_DEVICE_FAMILY = "1,2";
				VALIDATE_PRODUCT = YES;
			};
			name = Release;
		};
		645F09911F7853C10022E58A /* Debug */ = {
			isa = XCBuildConfiguration;
			buildSettings = {
				ASSETCATALOG_COMPILER_APPICON_NAME = AppIcon;
				INFOPLIST_FILE = "IOS Simple Calculater/Info.plist";
				LD_RUNPATH_SEARCH_PATHS = "$(inherited) @executable_path/Frameworks";
				PRODUCT_BUNDLE_IDENTIFIER = "com.zbudisch.IOS-Simple-Calculater";
				PRODUCT_NAME = "$(TARGET_NAME)";
				SWIFT_VERSION = 3.0;
			};
			name = Debug;
		};
		645F09921F7853C10022E58A /* Release */ = {
			isa = XCBuildConfiguration;
			buildSettings = {
				ASSETCATALOG_COMPILER_APPICON_NAME = AppIcon;
				INFOPLIST_FILE = "IOS Simple Calculater/Info.plist";
				LD_RUNPATH_SEARCH_PATHS = "$(inherited) @executable_path/Frameworks";
				PRODUCT_BUNDLE_IDENTIFIER = "com.zbudisch.IOS-Simple-Calculater";
				PRODUCT_NAME = "$(TARGET_NAME)";
				SWIFT_VERSION = 3.0;
			};
			name = Release;
		};
/* End XCBuildConfiguration section */

/* Begin XCConfigurationList section */
		645F09761F7853C10022E58A /* Build configuration list for PBXProject "IOS Simple Calculater" */ = {
			isa = XCConfigurationList;
			buildConfigurations = (
				645F098E1F7853C10022E58A /* Debug */,
				645F098F1F7853C10022E58A /* Release */,
			);
			defaultConfigurationIsVisible = 0;
			defaultConfigurationName = Release;
		};
		645F09901F7853C10022E58A /* Build configuration list for PBXNativeTarget "IOS Simple Calculater" */ = {
			isa = XCConfigurationList;
			buildConfigurations = (
				645F09911F7853C10022E58A /* Debug */,
				645F09921F7853C10022E58A /* Release */,
			);
			defaultConfigurationIsVisible = 0;
		};
/* End XCConfigurationList section */

/* Begin XCVersionGroup section */
		645F09851F7853C10022E58A /* IOS_Simple_Calculater.xcdatamodeld */ = {
			isa = XCVersionGroup;
			children = (
				645F09861F7853C10022E58A /* IOS_Simple_Calculater.xcdatamodel */,
			);
			currentVersion = 645F09861F7853C10022E58A /* IOS_Simple_Calculater.xcdatamodel */;
			path = IOS_Simple_Calculater.xcdatamodeld;
			sourceTree = "<group>";
			versionGroupType = wrapper.xcdatamodel;
		};
/* End XCVersionGroup section */
	};
	rootObject = 645F09731F7853C10022E58A /* Project object */;
}
